// !$*UTF8*$!
{
	archiveVersion = 1;
	classes = {
	};
	objectVersion = 77;
	objects = {

/* Begin PBXContainerItemProxy section */
		72B0A6B32CDBAF17002860FF /* PBXContainerItemProxy */ = {
			isa = PBXContainerItemProxy;
			containerPortal = 72B0A6902CDBABD8002860FF /* Project object */;
			proxyType = 1;
			remoteGlobalIDString = 72B0A6972CDBABD8002860FF;
			remoteInfo = ModernLogging;
		};
		72BE0ADA2CF7A259006D7120 /* PBXContainerItemProxy */ = {
			isa = PBXContainerItemProxy;
			containerPortal = 72B0A6902CDBABD8002860FF /* Project object */;
			proxyType = 1;
			remoteGlobalIDString = 72B0A6972CDBABD8002860FF;
			remoteInfo = ModernLogging;
		};
/* End PBXContainerItemProxy section */

/* Begin PBXFileReference section */
		7213604F2D26F1A400E98FDF /* ModernLogging-DEV.xctestplan */ = {isa = PBXFileReference; lastKnownFileType = text; path = "ModernLogging-DEV.xctestplan"; sourceTree = "<group>"; };
		721360512D26F1D800E98FDF /* ModernLogging.xctestplan */ = {isa = PBXFileReference; lastKnownFileType = text; path = ModernLogging.xctestplan; sourceTree = "<group>"; };
		72B0A6982CDBABD8002860FF /* ModernLogging.app */ = {isa = PBXFileReference; explicitFileType = wrapper.application; includeInIndex = 0; path = ModernLogging.app; sourceTree = BUILT_PRODUCTS_DIR; };
		72B0A6AF2CDBAF17002860FF /* ModernLoggingTests.xctest */ = {isa = PBXFileReference; explicitFileType = wrapper.cfbundle; includeInIndex = 0; path = ModernLoggingTests.xctest; sourceTree = BUILT_PRODUCTS_DIR; };
		72BE0AD42CF7A259006D7120 /* ModernLoggingUITests.xctest */ = {isa = PBXFileReference; explicitFileType = wrapper.cfbundle; includeInIndex = 0; path = ModernLoggingUITests.xctest; sourceTree = BUILT_PRODUCTS_DIR; };
/* End PBXFileReference section */

/* Begin PBXFileSystemSynchronizedBuildFileExceptionSet section */
		7226822D2D143071008B161D /* Exceptions for "ModernLogging" folder in "ModernLogging" target */ = {
			isa = PBXFileSystemSynchronizedBuildFileExceptionSet;
			membershipExceptions = (
				Environments/Dev.xcconfig,
				Environments/PROD.xcconfig,
				Info.plist,
			);
			target = 72B0A6972CDBABD8002860FF /* ModernLogging */;
		};
		72BE0AEC2CF7AC83006D7120 /* Exceptions for "ModernLogging" folder in "ModernLoggingUITests" target */ = {
			isa = PBXFileSystemSynchronizedBuildFileExceptionSet;
			membershipExceptions = (
				Models/AccessibilityIdentifiers.swift,
			);
			target = 72BE0AD32CF7A259006D7120 /* ModernLoggingUITests */;
		};
/* End PBXFileSystemSynchronizedBuildFileExceptionSet section */

/* Begin PBXFileSystemSynchronizedRootGroup section */
		72B0A69A2CDBABD8002860FF /* ModernLogging */ = {
			isa = PBXFileSystemSynchronizedRootGroup;
			exceptions = (
				7226822D2D143071008B161D /* Exceptions for "ModernLogging" folder in "ModernLogging" target */,
				72BE0AEC2CF7AC83006D7120 /* Exceptions for "ModernLogging" folder in "ModernLoggingUITests" target */,
			);
			path = ModernLogging;
			sourceTree = "<group>";
		};
		72B0A6B02CDBAF17002860FF /* ModernLoggingTests */ = {
			isa = PBXFileSystemSynchronizedRootGroup;
			path = ModernLoggingTests;
			sourceTree = "<group>";
		};
		72BE0AD52CF7A259006D7120 /* ModernLoggingUITests */ = {
			isa = PBXFileSystemSynchronizedRootGroup;
			path = ModernLoggingUITests;
			sourceTree = "<group>";
		};
/* End PBXFileSystemSynchronizedRootGroup section */

/* Begin PBXFrameworksBuildPhase section */
		72B0A6952CDBABD8002860FF /* Frameworks */ = {
			isa = PBXFrameworksBuildPhase;
			buildActionMask = 2147483647;
			files = (
			);
			runOnlyForDeploymentPostprocessing = 0;
		};
		72B0A6AC2CDBAF17002860FF /* Frameworks */ = {
			isa = PBXFrameworksBuildPhase;
			buildActionMask = 2147483647;
			files = (
			);
			runOnlyForDeploymentPostprocessing = 0;
		};
		72BE0AD12CF7A259006D7120 /* Frameworks */ = {
			isa = PBXFrameworksBuildPhase;
			buildActionMask = 2147483647;
			files = (
			);
			runOnlyForDeploymentPostprocessing = 0;
		};
/* End PBXFrameworksBuildPhase section */

/* Begin PBXGroup section */
		72B0A68F2CDBABD8002860FF = {
			isa = PBXGroup;
			children = (
				721360512D26F1D800E98FDF /* ModernLogging.xctestplan */,
				7213604F2D26F1A400E98FDF /* ModernLogging-DEV.xctestplan */,
				72B0A69A2CDBABD8002860FF /* ModernLogging */,
				72B0A6B02CDBAF17002860FF /* ModernLoggingTests */,
				72BE0AD52CF7A259006D7120 /* ModernLoggingUITests */,
				72B0A6992CDBABD8002860FF /* Products */,
			);
			sourceTree = "<group>";
		};
		72B0A6992CDBABD8002860FF /* Products */ = {
			isa = PBXGroup;
			children = (
				72B0A6982CDBABD8002860FF /* ModernLogging.app */,
				72B0A6AF2CDBAF17002860FF /* ModernLoggingTests.xctest */,
				72BE0AD42CF7A259006D7120 /* ModernLoggingUITests.xctest */,
			);
			name = Products;
			sourceTree = "<group>";
		};
/* End PBXGroup section */

/* Begin PBXNativeTarget section */
		72B0A6972CDBABD8002860FF /* ModernLogging */ = {
			isa = PBXNativeTarget;
			buildConfigurationList = 72B0A6A62CDBABDA002860FF /* Build configuration list for PBXNativeTarget "ModernLogging" */;
			buildPhases = (
				72B0A6942CDBABD8002860FF /* Sources */,
				72B0A6952CDBABD8002860FF /* Frameworks */,
				72B0A6962CDBABD8002860FF /* Resources */,
			);
			buildRules = (
			);
			dependencies = (
			);
			fileSystemSynchronizedGroups = (
				72B0A69A2CDBABD8002860FF /* ModernLogging */,
			);
			name = ModernLogging;
			packageProductDependencies = (
			);
			productName = ModernLogging;
			productReference = 72B0A6982CDBABD8002860FF /* ModernLogging.app */;
			productType = "com.apple.product-type.application";
		};
		72B0A6AE2CDBAF17002860FF /* ModernLoggingTests */ = {
			isa = PBXNativeTarget;
			buildConfigurationList = 72B0A6B52CDBAF17002860FF /* Build configuration list for PBXNativeTarget "ModernLoggingTests" */;
			buildPhases = (
				72B0A6AB2CDBAF17002860FF /* Sources */,
				72B0A6AC2CDBAF17002860FF /* Frameworks */,
				72B0A6AD2CDBAF17002860FF /* Resources */,
			);
			buildRules = (
			);
			dependencies = (
				72B0A6B42CDBAF17002860FF /* PBXTargetDependency */,
			);
			fileSystemSynchronizedGroups = (
				72B0A6B02CDBAF17002860FF /* ModernLoggingTests */,
			);
			name = ModernLoggingTests;
			packageProductDependencies = (
			);
			productName = ModernLoggingTests;
			productReference = 72B0A6AF2CDBAF17002860FF /* ModernLoggingTests.xctest */;
			productType = "com.apple.product-type.bundle.unit-test";
		};
		72BE0AD32CF7A259006D7120 /* ModernLoggingUITests */ = {
			isa = PBXNativeTarget;
			buildConfigurationList = 72BE0ADE2CF7A259006D7120 /* Build configuration list for PBXNativeTarget "ModernLoggingUITests" */;
			buildPhases = (
				72BE0AD02CF7A259006D7120 /* Sources */,
				72BE0AD12CF7A259006D7120 /* Frameworks */,
				72BE0AD22CF7A259006D7120 /* Resources */,
			);
			buildRules = (
			);
			dependencies = (
				72BE0ADB2CF7A259006D7120 /* PBXTargetDependency */,
			);
			fileSystemSynchronizedGroups = (
				72BE0AD52CF7A259006D7120 /* ModernLoggingUITests */,
			);
			name = ModernLoggingUITests;
			packageProductDependencies = (
			);
			productName = ModernLoggingUITests;
			productReference = 72BE0AD42CF7A259006D7120 /* ModernLoggingUITests.xctest */;
			productType = "com.apple.product-type.bundle.ui-testing";
		};
/* End PBXNativeTarget section */

/* Begin PBXProject section */
		72B0A6902CDBABD8002860FF /* Project object */ = {
			isa = PBXProject;
			attributes = {
				BuildIndependentTargetsInParallel = 1;
				LastSwiftUpdateCheck = 1610;
				LastUpgradeCheck = 1620;
				TargetAttributes = {
					72B0A6972CDBABD8002860FF = {
						CreatedOnToolsVersion = 16.1;
					};
					72B0A6AE2CDBAF17002860FF = {
						CreatedOnToolsVersion = 16.1;
						TestTargetID = 72B0A6972CDBABD8002860FF;
					};
					72BE0AD32CF7A259006D7120 = {
						CreatedOnToolsVersion = 16.1;
						TestTargetID = 72B0A6972CDBABD8002860FF;
					};
				};
			};
			buildConfigurationList = 72B0A6932CDBABD8002860FF /* Build configuration list for PBXProject "ModernLogging" */;
			developmentRegion = en;
			hasScannedForEncodings = 0;
			knownRegions = (
				en,
				Base,
			);
			mainGroup = 72B0A68F2CDBABD8002860FF;
			minimizedProjectReferenceProxies = 1;
			packageReferences = (
			);
			preferredProjectObjectVersion = 77;
			productRefGroup = 72B0A6992CDBABD8002860FF /* Products */;
			projectDirPath = "";
			projectRoot = "";
			targets = (
				72B0A6972CDBABD8002860FF /* ModernLogging */,
				72B0A6AE2CDBAF17002860FF /* ModernLoggingTests */,
				72BE0AD32CF7A259006D7120 /* ModernLoggingUITests */,
			);
		};
/* End PBXProject section */

/* Begin PBXResourcesBuildPhase section */
		72B0A6962CDBABD8002860FF /* Resources */ = {
			isa = PBXResourcesBuildPhase;
			buildActionMask = 2147483647;
			files = (
			);
			runOnlyForDeploymentPostprocessing = 0;
		};
		72B0A6AD2CDBAF17002860FF /* Resources */ = {
			isa = PBXResourcesBuildPhase;
			buildActionMask = 2147483647;
			files = (
			);
			runOnlyForDeploymentPostprocessing = 0;
		};
		72BE0AD22CF7A259006D7120 /* Resources */ = {
			isa = PBXResourcesBuildPhase;
			buildActionMask = 2147483647;
			files = (
			);
			runOnlyForDeploymentPostprocessing = 0;
		};
/* End PBXResourcesBuildPhase section */

/* Begin PBXSourcesBuildPhase section */
		72B0A6942CDBABD8002860FF /* Sources */ = {
			isa = PBXSourcesBuildPhase;
			buildActionMask = 2147483647;
			files = (
			);
			runOnlyForDeploymentPostprocessing = 0;
		};
		72B0A6AB2CDBAF17002860FF /* Sources */ = {
			isa = PBXSourcesBuildPhase;
			buildActionMask = 2147483647;
			files = (
			);
			runOnlyForDeploymentPostprocessing = 0;
		};
		72BE0AD02CF7A259006D7120 /* Sources */ = {
			isa = PBXSourcesBuildPhase;
			buildActionMask = 2147483647;
			files = (
			);
			runOnlyForDeploymentPostprocessing = 0;
		};
/* End PBXSourcesBuildPhase section */

/* Begin PBXTargetDependency section */
		72B0A6B42CDBAF17002860FF /* PBXTargetDependency */ = {
			isa = PBXTargetDependency;
			target = 72B0A6972CDBABD8002860FF /* ModernLogging */;
			targetProxy = 72B0A6B32CDBAF17002860FF /* PBXContainerItemProxy */;
		};
		72BE0ADB2CF7A259006D7120 /* PBXTargetDependency */ = {
			isa = PBXTargetDependency;
			target = 72B0A6972CDBABD8002860FF /* ModernLogging */;
			targetProxy = 72BE0ADA2CF7A259006D7120 /* PBXContainerItemProxy */;
		};
/* End PBXTargetDependency section */

/* Begin XCBuildConfiguration section */
		72B0A6A42CDBABDA002860FF /* Dev */ = {
			isa = XCBuildConfiguration;
			baseConfigurationReferenceAnchor = 72B0A69A2CDBABD8002860FF /* ModernLogging */;
			baseConfigurationReferenceRelativePath = Environments/Dev.xcconfig;
			buildSettings = {
				ALWAYS_SEARCH_USER_PATHS = NO;
				ASSETCATALOG_COMPILER_GENERATE_SWIFT_ASSET_SYMBOL_EXTENSIONS = YES;
				CLANG_ANALYZER_NONNULL = YES;
				CLANG_ANALYZER_NUMBER_OBJECT_CONVERSION = YES_AGGRESSIVE;
				CLANG_CXX_LANGUAGE_STANDARD = "gnu++20";
				CLANG_ENABLE_MODULES = YES;
				CLANG_ENABLE_OBJC_ARC = YES;
				CLANG_ENABLE_OBJC_WEAK = YES;
				CLANG_WARN_BLOCK_CAPTURE_AUTORELEASING = YES;
				CLANG_WARN_BOOL_CONVERSION = YES;
				CLANG_WARN_COMMA = YES;
				CLANG_WARN_CONSTANT_CONVERSION = YES;
				CLANG_WARN_DEPRECATED_OBJC_IMPLEMENTATIONS = YES;
				CLANG_WARN_DIRECT_OBJC_ISA_USAGE = YES_ERROR;
				CLANG_WARN_DOCUMENTATION_COMMENTS = YES;
				CLANG_WARN_EMPTY_BODY = YES;
				CLANG_WARN_ENUM_CONVERSION = YES;
				CLANG_WARN_INFINITE_RECURSION = YES;
				CLANG_WARN_INT_CONVERSION = YES;
				CLANG_WARN_NON_LITERAL_NULL_CONVERSION = YES;
				CLANG_WARN_OBJC_IMPLICIT_RETAIN_SELF = YES;
				CLANG_WARN_OBJC_LITERAL_CONVERSION = YES;
				CLANG_WARN_OBJC_ROOT_CLASS = YES_ERROR;
				CLANG_WARN_QUOTED_INCLUDE_IN_FRAMEWORK_HEADER = YES;
				CLANG_WARN_RANGE_LOOP_ANALYSIS = YES;
				CLANG_WARN_STRICT_PROTOTYPES = YES;
				CLANG_WARN_SUSPICIOUS_MOVE = YES;
				CLANG_WARN_UNGUARDED_AVAILABILITY = YES_AGGRESSIVE;
				CLANG_WARN_UNREACHABLE_CODE = YES;
				CLANG_WARN__DUPLICATE_METHOD_MATCH = YES;
				COPY_PHASE_STRIP = NO;
				DEBUG_INFORMATION_FORMAT = dwarf;
				ENABLE_STRICT_OBJC_MSGSEND = YES;
				ENABLE_TESTABILITY = YES;
				ENABLE_USER_SCRIPT_SANDBOXING = YES;
				GCC_C_LANGUAGE_STANDARD = gnu17;
				GCC_DYNAMIC_NO_PIC = NO;
				GCC_NO_COMMON_BLOCKS = YES;
				GCC_OPTIMIZATION_LEVEL = 0;
				GCC_PREPROCESSOR_DEFINITIONS = (
					"DEBUG=1",
					"$(inherited)",
				);
				GCC_WARN_64_TO_32_BIT_CONVERSION = YES;
				GCC_WARN_ABOUT_RETURN_TYPE = YES_ERROR;
				GCC_WARN_UNDECLARED_SELECTOR = YES;
				GCC_WARN_UNINITIALIZED_AUTOS = YES_AGGRESSIVE;
				GCC_WARN_UNUSED_FUNCTION = YES;
				GCC_WARN_UNUSED_VARIABLE = YES;
				IPHONEOS_DEPLOYMENT_TARGET = 18.1;
				LOCALIZATION_PREFERS_STRING_CATALOGS = YES;
				MTL_ENABLE_DEBUG_INFO = INCLUDE_SOURCE;
				MTL_FAST_MATH = YES;
				ONLY_ACTIVE_ARCH = YES;
				SDKROOT = iphoneos;
				SWIFT_ACTIVE_COMPILATION_CONDITIONS = "DEBUG $(inherited)";
				SWIFT_OPTIMIZATION_LEVEL = "-Onone";
			};
			name = Dev;
		};
		72B0A6A52CDBABDA002860FF /* PROD */ = {
			isa = XCBuildConfiguration;
			baseConfigurationReferenceAnchor = 72B0A69A2CDBABD8002860FF /* ModernLogging */;
			baseConfigurationReferenceRelativePath = Environments/PROD.xcconfig;
			buildSettings = {
				ALWAYS_SEARCH_USER_PATHS = NO;
				ASSETCATALOG_COMPILER_GENERATE_SWIFT_ASSET_SYMBOL_EXTENSIONS = YES;
				CLANG_ANALYZER_NONNULL = YES;
				CLANG_ANALYZER_NUMBER_OBJECT_CONVERSION = YES_AGGRESSIVE;
				CLANG_CXX_LANGUAGE_STANDARD = "gnu++20";
				CLANG_ENABLE_MODULES = YES;
				CLANG_ENABLE_OBJC_ARC = YES;
				CLANG_ENABLE_OBJC_WEAK = YES;
				CLANG_WARN_BLOCK_CAPTURE_AUTORELEASING = YES;
				CLANG_WARN_BOOL_CONVERSION = YES;
				CLANG_WARN_COMMA = YES;
				CLANG_WARN_CONSTANT_CONVERSION = YES;
				CLANG_WARN_DEPRECATED_OBJC_IMPLEMENTATIONS = YES;
				CLANG_WARN_DIRECT_OBJC_ISA_USAGE = YES_ERROR;
				CLANG_WARN_DOCUMENTATION_COMMENTS = YES;
				CLANG_WARN_EMPTY_BODY = YES;
				CLANG_WARN_ENUM_CONVERSION = YES;
				CLANG_WARN_INFINITE_RECURSION = YES;
				CLANG_WARN_INT_CONVERSION = YES;
				CLANG_WARN_NON_LITERAL_NULL_CONVERSION = YES;
				CLANG_WARN_OBJC_IMPLICIT_RETAIN_SELF = YES;
				CLANG_WARN_OBJC_LITERAL_CONVERSION = YES;
				CLANG_WARN_OBJC_ROOT_CLASS = YES_ERROR;
				CLANG_WARN_QUOTED_INCLUDE_IN_FRAMEWORK_HEADER = YES;
				CLANG_WARN_RANGE_LOOP_ANALYSIS = YES;
				CLANG_WARN_STRICT_PROTOTYPES = YES;
				CLANG_WARN_SUSPICIOUS_MOVE = YES;
				CLANG_WARN_UNGUARDED_AVAILABILITY = YES_AGGRESSIVE;
				CLANG_WARN_UNREACHABLE_CODE = YES;
				CLANG_WARN__DUPLICATE_METHOD_MATCH = YES;
				COPY_PHASE_STRIP = NO;
				DEBUG_INFORMATION_FORMAT = "dwarf-with-dsym";
				ENABLE_NS_ASSERTIONS = NO;
				ENABLE_STRICT_OBJC_MSGSEND = YES;
				ENABLE_TESTABILITY = NO;
				ENABLE_USER_SCRIPT_SANDBOXING = YES;
				GCC_C_LANGUAGE_STANDARD = gnu17;
				GCC_NO_COMMON_BLOCKS = YES;
				GCC_WARN_64_TO_32_BIT_CONVERSION = YES;
				GCC_WARN_ABOUT_RETURN_TYPE = YES_ERROR;
				GCC_WARN_UNDECLARED_SELECTOR = YES;
				GCC_WARN_UNINITIALIZED_AUTOS = YES_AGGRESSIVE;
				GCC_WARN_UNUSED_FUNCTION = YES;
				GCC_WARN_UNUSED_VARIABLE = YES;
				IPHONEOS_DEPLOYMENT_TARGET = 18.1;
				LOCALIZATION_PREFERS_STRING_CATALOGS = YES;
				MTL_ENABLE_DEBUG_INFO = NO;
				MTL_FAST_MATH = YES;
				SDKROOT = iphoneos;
				SWIFT_COMPILATION_MODE = wholemodule;
				SWIFT_OPTIMIZATION_LEVEL = "-Onone";
				VALIDATE_PRODUCT = YES;
			};
			name = PROD;
		};
		72B0A6A72CDBABDA002860FF /* Dev */ = {
			isa = XCBuildConfiguration;
			baseConfigurationReferenceAnchor = 72B0A69A2CDBABD8002860FF /* ModernLogging */;
			baseConfigurationReferenceRelativePath = Environments/Dev.xcconfig;
			buildSettings = {
				ASSETCATALOG_COMPILER_APPICON_NAME = AppIcon;
				ASSETCATALOG_COMPILER_GLOBAL_ACCENT_COLOR_NAME = AccentColor;
				CODE_SIGN_STYLE = Automatic;
				COPY_PHASE_STRIP = NO;
				CURRENT_PROJECT_VERSION = 2;
				DEVELOPMENT_ASSET_PATHS = "\"ModernLogging/Preview Content\"";
				DEVELOPMENT_TEAM = N6CND3KBA3;
				ENABLE_PREVIEWS = YES;
				GENERATE_INFOPLIST_FILE = YES;
				INFOPLIST_FILE = ModernLogging/Info.plist;
				INFOPLIST_KEY_CFBundleDisplayName = "ML DEV";
				INFOPLIST_KEY_LSApplicationCategoryType = "public.app-category.productivity";
				INFOPLIST_KEY_UIApplicationSceneManifest_Generation = YES;
				INFOPLIST_KEY_UIApplicationSupportsIndirectInputEvents = YES;
				INFOPLIST_KEY_UILaunchScreen_Generation = YES;
				INFOPLIST_KEY_UISupportedInterfaceOrientations = UIInterfaceOrientationPortrait;
				INFOPLIST_KEY_UISupportedInterfaceOrientations_iPad = "UIInterfaceOrientationLandscapeLeft UIInterfaceOrientationLandscapeRight UIInterfaceOrientationPortrait UIInterfaceOrientationPortraitUpsideDown";
				IPHONEOS_DEPLOYMENT_TARGET = 18.0;
				LD_RUNPATH_SEARCH_PATHS = (
					"$(inherited)",
					"@executable_path/Frameworks",
				);
				MARKETING_VERSION = 1.0;
				PRODUCT_BUNDLE_IDENTIFIER = "tr.com.egesucu.ModernLogging-dev";
				PRODUCT_NAME = "$(TARGET_NAME)";
				SWIFT_EMIT_LOC_STRINGS = YES;
				SWIFT_OPTIMIZATION_LEVEL = "-Onone";
				SWIFT_VERSION = 5.0;
				TARGETED_DEVICE_FAMILY = "1,2";
			};
			name = Dev;
		};
		72B0A6A82CDBABDA002860FF /* PROD */ = {
			isa = XCBuildConfiguration;
			baseConfigurationReferenceAnchor = 72B0A69A2CDBABD8002860FF /* ModernLogging */;
			baseConfigurationReferenceRelativePath = Environments/PROD.xcconfig;
			buildSettings = {
				ASSETCATALOG_COMPILER_APPICON_NAME = AppIcon;
				ASSETCATALOG_COMPILER_GLOBAL_ACCENT_COLOR_NAME = AccentColor;
				CODE_SIGN_STYLE = Automatic;
				COPY_PHASE_STRIP = NO;
				CURRENT_PROJECT_VERSION = 2;
				DEVELOPMENT_ASSET_PATHS = "\"ModernLogging/Preview Content\"";
				DEVELOPMENT_TEAM = N6CND3KBA3;
				ENABLE_PREVIEWS = YES;
				ENABLE_TESTABILITY = YES;
				GENERATE_INFOPLIST_FILE = YES;
				INFOPLIST_FILE = ModernLogging/Info.plist;
				INFOPLIST_KEY_CFBundleDisplayName = "ML DEV";
				INFOPLIST_KEY_LSApplicationCategoryType = "public.app-category.productivity";
				INFOPLIST_KEY_UIApplicationSceneManifest_Generation = YES;
				INFOPLIST_KEY_UIApplicationSupportsIndirectInputEvents = YES;
				INFOPLIST_KEY_UILaunchScreen_Generation = YES;
				INFOPLIST_KEY_UISupportedInterfaceOrientations = UIInterfaceOrientationPortrait;
				INFOPLIST_KEY_UISupportedInterfaceOrientations_iPad = "UIInterfaceOrientationLandscapeLeft UIInterfaceOrientationLandscapeRight UIInterfaceOrientationPortrait UIInterfaceOrientationPortraitUpsideDown";
				IPHONEOS_DEPLOYMENT_TARGET = 18.0;
				LD_RUNPATH_SEARCH_PATHS = (
					"$(inherited)",
					"@executable_path/Frameworks",
				);
				MARKETING_VERSION = 1.0;
				PRODUCT_BUNDLE_IDENTIFIER = tr.com.egesucu.ModernLogging;
				PRODUCT_NAME = "$(TARGET_NAME)";
				SWIFT_EMIT_LOC_STRINGS = YES;
				SWIFT_VERSION = 5.0;
				TARGETED_DEVICE_FAMILY = "1,2";
			};
			name = PROD;
		};
		72B0A6B62CDBAF17002860FF /* Dev */ = {
			isa = XCBuildConfiguration;
			baseConfigurationReferenceAnchor = 72B0A69A2CDBABD8002860FF /* ModernLogging */;
			baseConfigurationReferenceRelativePath = Environments/Dev.xcconfig;
			buildSettings = {
				BUNDLE_LOADER = "$(TEST_HOST)";
				CODE_SIGN_STYLE = Automatic;
				CURRENT_PROJECT_VERSION = 1;
				DEVELOPMENT_TEAM = N6CND3KBA3;
				GENERATE_INFOPLIST_FILE = YES;
				IPHONEOS_DEPLOYMENT_TARGET = 18.0;
				MARKETING_VERSION = 1.0;
				PRODUCT_BUNDLE_IDENTIFIER = tr.com.egesucu.ModernLoggingTests;
				PRODUCT_NAME = "$(TARGET_NAME)";
				SUPPORTED_PLATFORMS = "iphoneos iphonesimulator";
				SUPPORTS_MACCATALYST = NO;
				SWIFT_EMIT_LOC_STRINGS = NO;
				SWIFT_VERSION = 5.0;
				TARGETED_DEVICE_FAMILY = "1,2";
				TEST_HOST = "$(BUILT_PRODUCTS_DIR)/ModernLogging.app/$(BUNDLE_EXECUTABLE_FOLDER_PATH)/ModernLogging";
			};
			name = Dev;
		};
		72B0A6B72CDBAF17002860FF /* PROD */ = {
			isa = XCBuildConfiguration;
			baseConfigurationReferenceAnchor = 72B0A69A2CDBABD8002860FF /* ModernLogging */;
			baseConfigurationReferenceRelativePath = Environments/PROD.xcconfig;
			buildSettings = {
				BUNDLE_LOADER = "$(TEST_HOST)";
				CODE_SIGN_STYLE = Automatic;
				CURRENT_PROJECT_VERSION = 1;
				DEVELOPMENT_TEAM = N6CND3KBA3;
				ENABLE_TESTABILITY = YES;
				GENERATE_INFOPLIST_FILE = YES;
				IPHONEOS_DEPLOYMENT_TARGET = 18.0;
				MARKETING_VERSION = 1.0;
				PRODUCT_BUNDLE_IDENTIFIER = tr.com.egesucu.ModernLoggingTests;
				PRODUCT_NAME = "$(TARGET_NAME)";
				SUPPORTED_PLATFORMS = "iphoneos iphonesimulator";
				SUPPORTS_MACCATALYST = NO;
				SWIFT_EMIT_LOC_STRINGS = NO;
				SWIFT_VERSION = 5.0;
				TARGETED_DEVICE_FAMILY = "1,2";
				TEST_HOST = "$(BUILT_PRODUCTS_DIR)/ModernLogging.app/$(BUNDLE_EXECUTABLE_FOLDER_PATH)/ModernLogging";
			};
			name = PROD;
		};
		72BE0ADC2CF7A259006D7120 /* Dev */ = {
			isa = XCBuildConfiguration;
			baseConfigurationReferenceAnchor = 72B0A69A2CDBABD8002860FF /* ModernLogging */;
			baseConfigurationReferenceRelativePath = Environments/Dev.xcconfig;
			buildSettings = {
				CODE_SIGN_STYLE = Automatic;
				CURRENT_PROJECT_VERSION = 1;
				DEVELOPMENT_TEAM = N6CND3KBA3;
				GENERATE_INFOPLIST_FILE = YES;
				IPHONEOS_DEPLOYMENT_TARGET = 18.0;
				MARKETING_VERSION = 1.0;
				PRODUCT_BUNDLE_IDENTIFIER = tr.com.egesucu.ModernLoggingUITests;
				PRODUCT_NAME = "$(TARGET_NAME)";
				SUPPORTED_PLATFORMS = "iphoneos iphonesimulator";
				SUPPORTS_MACCATALYST = NO;
				SWIFT_EMIT_LOC_STRINGS = NO;
				SWIFT_VERSION = 5.0;
				TARGETED_DEVICE_FAMILY = "1,2";
				TEST_TARGET_NAME = ModernLogging;
			};
			name = Dev;
		};
		72BE0ADD2CF7A259006D7120 /* PROD */ = {
			isa = XCBuildConfiguration;
			baseConfigurationReferenceAnchor = 72B0A69A2CDBABD8002860FF /* ModernLogging */;
			baseConfigurationReferenceRelativePath = Environments/PROD.xcconfig;
			buildSettings = {
				CODE_SIGN_STYLE = Automatic;
				CURRENT_PROJECT_VERSION = 1;
				DEVELOPMENT_TEAM = N6CND3KBA3;
				GENERATE_INFOPLIST_FILE = YES;
				IPHONEOS_DEPLOYMENT_TARGET = 18.0;
				MARKETING_VERSION = 1.0;
				PRODUCT_BUNDLE_IDENTIFIER = tr.com.egesucu.ModernLoggingUITests;
				PRODUCT_NAME = "$(TARGET_NAME)";
				SUPPORTED_PLATFORMS = "iphoneos iphonesimulator";
				SUPPORTS_MACCATALYST = NO;
				SWIFT_EMIT_LOC_STRINGS = NO;
				SWIFT_VERSION = 5.0;
				TARGETED_DEVICE_FAMILY = "1,2";
				TEST_TARGET_NAME = ModernLogging;
			};
			name = PROD;
		};
/* End XCBuildConfiguration section */

/* Begin XCConfigurationList section */
		72B0A6932CDBABD8002860FF /* Build configuration list for PBXProject "ModernLogging" */ = {
			isa = XCConfigurationList;
			buildConfigurations = (
				72B0A6A42CDBABDA002860FF /* Dev */,
				72B0A6A52CDBABDA002860FF /* PROD */,
			);
			defaultConfigurationIsVisible = 0;
			defaultConfigurationName = PROD;
		};
		72B0A6A62CDBABDA002860FF /* Build configuration list for PBXNativeTarget "ModernLogging" */ = {
			isa = XCConfigurationList;
			buildConfigurations = (
				72B0A6A72CDBABDA002860FF /* Dev */,
				72B0A6A82CDBABDA002860FF /* PROD */,
			);
			defaultConfigurationIsVisible = 0;
			defaultConfigurationName = PROD;
		};
		72B0A6B52CDBAF17002860FF /* Build configuration list for PBXNativeTarget "ModernLoggingTests" */ = {
			isa = XCConfigurationList;
			buildConfigurations = (
				72B0A6B62CDBAF17002860FF /* Dev */,
				72B0A6B72CDBAF17002860FF /* PROD */,
			);
			defaultConfigurationIsVisible = 0;
			defaultConfigurationName = PROD;
		};
		72BE0ADE2CF7A259006D7120 /* Build configuration list for PBXNativeTarget "ModernLoggingUITests" */ = {
			isa = XCConfigurationList;
			buildConfigurations = (
				72BE0ADC2CF7A259006D7120 /* Dev */,
				72BE0ADD2CF7A259006D7120 /* PROD */,
			);
			defaultConfigurationIsVisible = 0;
			defaultConfigurationName = PROD;
		};
/* End XCConfigurationList section */
	};
	rootObject = 72B0A6902CDBABD8002860FF /* Project object */;
}
